
Microsoft Visual Studio Solution File, Format Version 12.00
# Visual Studio Version 16
VisualStudioVersion = 16.0.30309.148
MinimumVisualStudioVersion = 10.0.40219.1
Project("{FAE04EC0-301F-11D3-BF4B-00C04F79EFBC}") = "data-handler-app", "data-handler-app\data-handler-app.csproj", "{5A99525E-F90E-4CA7-BE09-E38631333110}"
EndProject
Global
	GlobalSection(SolutionConfigurationPlatforms) = preSolution
		Debug|Any CPU = Debug|Any CPU
		Release|Any CPU = Release|Any CPU
	EndGlobalSection
	GlobalSection(ProjectConfigurationPlatforms) = postSolution
		{5A99525E-F90E-4CA7-BE09-E38631333110}.Debug|Any CPU.ActiveCfg = Debug|Any CPU
		{5A99525E-F90E-4CA7-BE09-E38631333110}.Debug|Any CPU.Build.0 = Debug|Any CPU
		{5A99525E-F90E-4CA7-BE09-E38631333110}.Release|Any CPU.ActiveCfg = Release|Any CPU
		{5A99525E-F90E-4CA7-BE09-E38631333110}.Release|Any CPU.Build.0 = Release|Any CPU
	EndGlobalSection
	GlobalSection(SolutionProperties) = preSolution
		HideSolutionNode = FALSE
	EndGlobalSection
	GlobalSection(ExtensibilityGlobals) = postSolution
		SolutionGuid = {6C67E8D3-86B2-4489-9AA0-07CCABA38EE7}
	EndGlobalSection
EndGlobal
